
Microsoft Visual Studio Solution File, Format Version 12.00
# Visual Studio Version 16
VisualStudioVersion = 16.0.29209.62
MinimumVisualStudioVersion = 10.0.40219.1
Project("{9A19103F-16F7-4668-BE54-9A1E7A4F7556}") = "Permutations", "Permutations\Permutations.csproj", "{0E47353D-E5B4-4572-82CF-35ED611CA9F0}"
EndProject
Project("{9A19103F-16F7-4668-BE54-9A1E7A4F7556}") = "AddTwoLinkedLists", "AddTwoLinkedLists\AddTwoLinkedLists.csproj", "{497C7F38-825C-4F3A-8F0D-10B352B1407F}"
EndProject
Project("{9A19103F-16F7-4668-BE54-9A1E7A4F7556}") = "Common", "Common\Common.csproj", "{D0AA9B7C-225C-4E0F-8F3A-31D94C25B22F}"
EndProject
Project("{FAE04EC0-301F-11D3-BF4B-00C04F79EFBC}") = "PopulationCensus", "PopulationCensus\PopulationCensus.csproj", "{35BF72B9-5C52-4A1A-8762-C2BBC1FADB9D}"
EndProject
Project("{FAE04EC0-301F-11D3-BF4B-00C04F79EFBC}") = "LongestSubsetNoRepeats", "LongestSubsetNoRepeats\LongestSubsetNoRepeats.csproj", "{B919B309-FFB7-435A-A590-6B6C24D62723}"
EndProject
Project("{FAE04EC0-301F-11D3-BF4B-00C04F79EFBC}") = "LongestPalindromeSubstring", "LongestPalindromeSubstring\LongestPalindromeSubstring.csproj", "{80178171-3BAE-4363-AE45-F87AE8FFECFF}"
EndProject
Project("{FAE04EC0-301F-11D3-BF4B-00C04F79EFBC}") = "ReverseLinkedList", "ReverseLinkedList\ReverseLinkedList.csproj", "{8517D45C-1B44-4179-B903-102261DBF3B2}"
EndProject
Project("{FAE04EC0-301F-11D3-BF4B-00C04F79EFBC}") = "LinkedListReverseEveryK", "LinkedListReverseEveryK\LinkedListReverseEveryK.csproj", "{83139FC8-E069-41F2-A039-896464A3A71A}"
EndProject
Project("{FAE04EC0-301F-11D3-BF4B-00C04F79EFBC}") = "ThreeSum", "ThreeSum\ThreeSum.csproj", "{5C7B11AB-4CF9-42B1-946A-0B40506D7608}"
EndProject
Global
	GlobalSection(SolutionConfigurationPlatforms) = preSolution
		Debug|Any CPU = Debug|Any CPU
		Release|Any CPU = Release|Any CPU
	EndGlobalSection
	GlobalSection(ProjectConfigurationPlatforms) = postSolution
		{0E47353D-E5B4-4572-82CF-35ED611CA9F0}.Debug|Any CPU.ActiveCfg = Debug|Any CPU
		{0E47353D-E5B4-4572-82CF-35ED611CA9F0}.Debug|Any CPU.Build.0 = Debug|Any CPU
		{0E47353D-E5B4-4572-82CF-35ED611CA9F0}.Release|Any CPU.ActiveCfg = Release|Any CPU
		{0E47353D-E5B4-4572-82CF-35ED611CA9F0}.Release|Any CPU.Build.0 = Release|Any CPU
		{497C7F38-825C-4F3A-8F0D-10B352B1407F}.Debug|Any CPU.ActiveCfg = Debug|Any CPU
		{497C7F38-825C-4F3A-8F0D-10B352B1407F}.Debug|Any CPU.Build.0 = Debug|Any CPU
		{497C7F38-825C-4F3A-8F0D-10B352B1407F}.Release|Any CPU.ActiveCfg = Release|Any CPU
		{497C7F38-825C-4F3A-8F0D-10B352B1407F}.Release|Any CPU.Build.0 = Release|Any CPU
		{D0AA9B7C-225C-4E0F-8F3A-31D94C25B22F}.Debug|Any CPU.ActiveCfg = Debug|Any CPU
		{D0AA9B7C-225C-4E0F-8F3A-31D94C25B22F}.Debug|Any CPU.Build.0 = Debug|Any CPU
		{D0AA9B7C-225C-4E0F-8F3A-31D94C25B22F}.Release|Any CPU.ActiveCfg = Release|Any CPU
		{D0AA9B7C-225C-4E0F-8F3A-31D94C25B22F}.Release|Any CPU.Build.0 = Release|Any CPU
		{35BF72B9-5C52-4A1A-8762-C2BBC1FADB9D}.Debug|Any CPU.ActiveCfg = Debug|Any CPU
		{35BF72B9-5C52-4A1A-8762-C2BBC1FADB9D}.Debug|Any CPU.Build.0 = Debug|Any CPU
		{35BF72B9-5C52-4A1A-8762-C2BBC1FADB9D}.Release|Any CPU.ActiveCfg = Release|Any CPU
		{35BF72B9-5C52-4A1A-8762-C2BBC1FADB9D}.Release|Any CPU.Build.0 = Release|Any CPU
		{B919B309-FFB7-435A-A590-6B6C24D62723}.Debug|Any CPU.ActiveCfg = Debug|Any CPU
		{B919B309-FFB7-435A-A590-6B6C24D62723}.Debug|Any CPU.Build.0 = Debug|Any CPU
		{B919B309-FFB7-435A-A590-6B6C24D62723}.Release|Any CPU.ActiveCfg = Release|Any CPU
		{B919B309-FFB7-435A-A590-6B6C24D62723}.Release|Any CPU.Build.0 = Release|Any CPU
		{80178171-3BAE-4363-AE45-F87AE8FFECFF}.Debug|Any CPU.ActiveCfg = Debug|Any CPU
		{80178171-3BAE-4363-AE45-F87AE8FFECFF}.Debug|Any CPU.Build.0 = Debug|Any CPU
		{80178171-3BAE-4363-AE45-F87AE8FFECFF}.Release|Any CPU.ActiveCfg = Release|Any CPU
		{80178171-3BAE-4363-AE45-F87AE8FFECFF}.Release|Any CPU.Build.0 = Release|Any CPU
		{8517D45C-1B44-4179-B903-102261DBF3B2}.Debug|Any CPU.ActiveCfg = Debug|Any CPU
		{8517D45C-1B44-4179-B903-102261DBF3B2}.Debug|Any CPU.Build.0 = Debug|Any CPU
		{8517D45C-1B44-4179-B903-102261DBF3B2}.Release|Any CPU.ActiveCfg = Release|Any CPU
		{8517D45C-1B44-4179-B903-102261DBF3B2}.Release|Any CPU.Build.0 = Release|Any CPU
		{83139FC8-E069-41F2-A039-896464A3A71A}.Debug|Any CPU.ActiveCfg = Debug|Any CPU
		{83139FC8-E069-41F2-A039-896464A3A71A}.Debug|Any CPU.Build.0 = Debug|Any CPU
		{83139FC8-E069-41F2-A039-896464A3A71A}.Release|Any CPU.ActiveCfg = Release|Any CPU
		{83139FC8-E069-41F2-A039-896464A3A71A}.Release|Any CPU.Build.0 = Release|Any CPU
		{5C7B11AB-4CF9-42B1-946A-0B40506D7608}.Debug|Any CPU.ActiveCfg = Debug|Any CPU
		{5C7B11AB-4CF9-42B1-946A-0B40506D7608}.Debug|Any CPU.Build.0 = Debug|Any CPU
		{5C7B11AB-4CF9-42B1-946A-0B40506D7608}.Release|Any CPU.ActiveCfg = Release|Any CPU
		{5C7B11AB-4CF9-42B1-946A-0B40506D7608}.Release|Any CPU.Build.0 = Release|Any CPU
	EndGlobalSection
	GlobalSection(SolutionProperties) = preSolution
		HideSolutionNode = FALSE
	EndGlobalSection
	GlobalSection(ExtensibilityGlobals) = postSolution
		SolutionGuid = {EB38A333-54AC-46D4-B46A-2D9B103374C8}
	EndGlobalSection
EndGlobal
